
Microsoft Visual Studio Solution File, Format Version 12.00
# Visual Studio Version 17
VisualStudioVersion = 17.0.31912.275
MinimumVisualStudioVersion = 10.0.40219.1
Project("{FAE04EC0-301F-11D3-BF4B-00C04F79EFBC}") = "Interfaces", "Interfaces\Interfaces.csproj", "{3A097DD9-625F-4565-BA8E-BAAC23F10455}"
EndProject
Global
	GlobalSection(SolutionConfigurationPlatforms) = preSolution
		Debug|Any CPU = Debug|Any CPU
		Release|Any CPU = Release|Any CPU
	EndGlobalSection
	GlobalSection(ProjectConfigurationPlatforms) = postSolution
		{3A097DD9-625F-4565-BA8E-BAAC23F10455}.Debug|Any CPU.ActiveCfg = Debug|Any CPU
		{3A097DD9-625F-4565-BA8E-BAAC23F10455}.Debug|Any CPU.Build.0 = Debug|Any CPU
		{3A097DD9-625F-4565-BA8E-BAAC23F10455}.Release|Any CPU.ActiveCfg = Release|Any CPU
		{3A097DD9-625F-4565-BA8E-BAAC23F10455}.Release|Any CPU.Build.0 = Release|Any CPU
	EndGlobalSection
	GlobalSection(SolutionProperties) = preSolution
		HideSolutionNode = FALSE
	EndGlobalSection
	GlobalSection(ExtensibilityGlobals) = postSolution
		SolutionGuid = {16270E21-BA3C-4C61-8C20-46038D38A887}
	EndGlobalSection
EndGlobal
